
Microsoft Visual Studio Solution File, Format Version 12.00
# Visual Studio Version 16
VisualStudioVersion = 16.0.31515.178
MinimumVisualStudioVersion = 10.0.40219.1
Project("{FAE04EC0-301F-11D3-BF4B-00C04F79EFBC}") = "LoL Summoner Spells", "LoL Summoner Spells\LoL Summoner Spells.csproj", "{9DBE085C-9547-4178-858D-8B40F241ED90}"
EndProject
Global
	GlobalSection(SolutionConfigurationPlatforms) = preSolution
		Debug|Any CPU = Debug|Any CPU
		Release|Any CPU = Release|Any CPU
	EndGlobalSection
	GlobalSection(ProjectConfigurationPlatforms) = postSolution
		{9DBE085C-9547-4178-858D-8B40F241ED90}.Debug|Any CPU.ActiveCfg = Debug|Any CPU
		{9DBE085C-9547-4178-858D-8B40F241ED90}.Debug|Any CPU.Build.0 = Debug|Any CPU
		{9DBE085C-9547-4178-858D-8B40F241ED90}.Release|Any CPU.ActiveCfg = Release|Any CPU
		{9DBE085C-9547-4178-858D-8B40F241ED90}.Release|Any CPU.Build.0 = Release|Any CPU
	EndGlobalSection
	GlobalSection(SolutionProperties) = preSolution
		HideSolutionNode = FALSE
	EndGlobalSection
	GlobalSection(ExtensibilityGlobals) = postSolution
		SolutionGuid = {48352C84-8E56-496C-AE7A-51A24BF370FD}
	EndGlobalSection
EndGlobal
